// !$*UTF8*$!
{
	archiveVersion = 1;
	classes = {
	};
	objectVersion = 46;
	objects = {

/* Begin PBXBuildFile section */
		D9532E581ED6ADC300E90B0A /* main.m in Sources */ = {isa = PBXBuildFile; fileRef = D9532E571ED6ADC300E90B0A /* main.m */; };
		D9532E5B1ED6ADC300E90B0A /* AppDelegate.m in Sources */ = {isa = PBXBuildFile; fileRef = D9532E5A1ED6ADC300E90B0A /* AppDelegate.m */; };
		D9532E5E1ED6ADC300E90B0A /* ViewController.m in Sources */ = {isa = PBXBuildFile; fileRef = D9532E5D1ED6ADC300E90B0A /* ViewController.m */; };
		D9532E611ED6ADC300E90B0A /* Main.storyboard in Resources */ = {isa = PBXBuildFile; fileRef = D9532E5F1ED6ADC300E90B0A /* Main.storyboard */; };
		D9532E631ED6ADC300E90B0A /* Assets.xcassets in Resources */ = {isa = PBXBuildFile; fileRef = D9532E621ED6ADC300E90B0A /* Assets.xcassets */; };
		D9532E661ED6ADC300E90B0A /* LaunchScreen.storyboard in Resources */ = {isa = PBXBuildFile; fileRef = D9532E641ED6ADC300E90B0A /* LaunchScreen.storyboard */; };
		D9532E6F1ED6D74400E90B0A /* UIView+frameAdjust.m in Sources */ = {isa = PBXBuildFile; fileRef = D9532E6E1ED6D74400E90B0A /* UIView+frameAdjust.m */; };
		D9532E761ED6D7E600E90B0A /* FirstCell.m in Sources */ = {isa = PBXBuildFile; fileRef = D9532E751ED6D7E600E90B0A /* FirstCell.m */; };
		D999B6411ED91AF400D55A81 /* CQPointsHeaderView.m in Sources */ = {isa = PBXBuildFile; fileRef = D999B6401ED91AF400D55A81 /* CQPointsHeaderView.m */; };
		D999B6451ED91D2F00D55A81 /* CQPointsNaviView.m in Sources */ = {isa = PBXBuildFile; fileRef = D999B6441ED91D2F00D55A81 /* CQPointsNaviView.m */; };
		D9B6930A1ED7D7680010F2E1 /* CQScrollMenuView.m in Sources */ = {isa = PBXBuildFile; fileRef = D9B693091ED7D7680010F2E1 /* CQScrollMenuView.m */; };
/* End PBXBuildFile section */

/* Begin PBXFileReference section */
		D9532E531ED6ADC300E90B0A /* UITableViewDemo.app */ = {isa = PBXFileReference; explicitFileType = wrapper.application; includeInIndex = 0; path = UITableViewDemo.app; sourceTree = BUILT_PRODUCTS_DIR; };
		D9532E571ED6ADC300E90B0A /* main.m */ = {isa = PBXFileReference; lastKnownFileType = sourcecode.c.objc; path = main.m; sourceTree = "<group>"; };
		D9532E591ED6ADC300E90B0A /* AppDelegate.h */ = {isa = PBXFileReference; lastKnownFileType = sourcecode.c.h; path = AppDelegate.h; sourceTree = "<group>"; };
		D9532E5A1ED6ADC300E90B0A /* AppDelegate.m */ = {isa = PBXFileReference; lastKnownFileType = sourcecode.c.objc; path = AppDelegate.m; sourceTree = "<group>"; };
		D9532E5C1ED6ADC300E90B0A /* ViewController.h */ = {isa = PBXFileReference; lastKnownFileType = sourcecode.c.h; path = ViewController.h; sourceTree = "<group>"; };
		D9532E5D1ED6ADC300E90B0A /* ViewController.m */ = {isa = PBXFileReference; lastKnownFileType = sourcecode.c.objc; path = ViewController.m; sourceTree = "<group>"; };
		D9532E601ED6ADC300E90B0A /* Base */ = {isa = PBXFileReference; lastKnownFileType = file.storyboard; name = Base; path = Base.lproj/Main.storyboard; sourceTree = "<group>"; };
		D9532E621ED6ADC300E90B0A /* Assets.xcassets */ = {isa = PBXFileReference; lastKnownFileType = folder.assetcatalog; path = Assets.xcassets; sourceTree = "<group>"; };
		D9532E651ED6ADC300E90B0A /* Base */ = {isa = PBXFileReference; lastKnownFileType = file.storyboard; name = Base; path = Base.lproj/LaunchScreen.storyboard; sourceTree = "<group>"; };
		D9532E671ED6ADC300E90B0A /* Info.plist */ = {isa = PBXFileReference; lastKnownFileType = text.plist.xml; path = Info.plist; sourceTree = "<group>"; };
		D9532E6D1ED6D74400E90B0A /* UIView+frameAdjust.h */ = {isa = PBXFileReference; fileEncoding = 4; lastKnownFileType = sourcecode.c.h; path = "UIView+frameAdjust.h"; sourceTree = "<group>"; };
		D9532E6E1ED6D74400E90B0A /* UIView+frameAdjust.m */ = {isa = PBXFileReference; fileEncoding = 4; lastKnownFileType = sourcecode.c.objc; path = "UIView+frameAdjust.m"; sourceTree = "<group>"; };
		D9532E741ED6D7E600E90B0A /* FirstCell.h */ = {isa = PBXFileReference; fileEncoding = 4; lastKnownFileType = sourcecode.c.h; path = FirstCell.h; sourceTree = "<group>"; };
		D9532E751ED6D7E600E90B0A /* FirstCell.m */ = {isa = PBXFileReference; fileEncoding = 4; lastKnownFileType = sourcecode.c.objc; path = FirstCell.m; sourceTree = "<group>"; };
		D999B63F1ED91AF400D55A81 /* CQPointsHeaderView.h */ = {isa = PBXFileReference; fileEncoding = 4; lastKnownFileType = sourcecode.c.h; path = CQPointsHeaderView.h; sourceTree = "<group>"; };
		D999B6401ED91AF400D55A81 /* CQPointsHeaderView.m */ = {isa = PBXFileReference; fileEncoding = 4; lastKnownFileType = sourcecode.c.objc; path = CQPointsHeaderView.m; sourceTree = "<group>"; };
		D999B6431ED91D2F00D55A81 /* CQPointsNaviView.h */ = {isa = PBXFileReference; fileEncoding = 4; lastKnownFileType = sourcecode.c.h; path = CQPointsNaviView.h; sourceTree = "<group>"; };
		D999B6441ED91D2F00D55A81 /* CQPointsNaviView.m */ = {isa = PBXFileReference; fileEncoding = 4; lastKnownFileType = sourcecode.c.objc; path = CQPointsNaviView.m; sourceTree = "<group>"; };
		D9B693081ED7D7680010F2E1 /* CQScrollMenuView.h */ = {isa = PBXFileReference; fileEncoding = 4; lastKnownFileType = sourcecode.c.h; path = CQScrollMenuView.h; sourceTree = "<group>"; };
		D9B693091ED7D7680010F2E1 /* CQScrollMenuView.m */ = {isa = PBXFileReference; fileEncoding = 4; lastKnownFileType = sourcecode.c.objc; path = CQScrollMenuView.m; sourceTree = "<group>"; };
/* End PBXFileReference section */

/* Begin PBXFrameworksBuildPhase section */
		D9532E501ED6ADC300E90B0A /* Frameworks */ = {
			isa = PBXFrameworksBuildPhase;
			buildActionMask = 2147483647;
			files = (
			);
			runOnlyForDeploymentPostprocessing = 0;
		};
/* End PBXFrameworksBuildPhase section */

/* Begin PBXGroup section */
		D9532E4A1ED6ADC300E90B0A = {
			isa = PBXGroup;
			children = (
				D9532E551ED6ADC300E90B0A /* UITableViewDemo */,
				D9532E541ED6ADC300E90B0A /* Products */,
			);
			sourceTree = "<group>";
		};
		D9532E541ED6ADC300E90B0A /* Products */ = {
			isa = PBXGroup;
			children = (
				D9532E531ED6ADC300E90B0A /* UITableViewDemo.app */,
			);
			name = Products;
			sourceTree = "<group>";
		};
		D9532E551ED6ADC300E90B0A /* UITableViewDemo */ = {
			isa = PBXGroup;
			children = (
				D9532E701ED6D79700E90B0A /* 工具及三方 */,
				D9532E731ED6D7BA00E90B0A /* Model */,
				D9532E721ED6D7B400E90B0A /* View */,
				D9532E711ED6D7AC00E90B0A /* Controller */,
				D9532E591ED6ADC300E90B0A /* AppDelegate.h */,
				D9532E5A1ED6ADC300E90B0A /* AppDelegate.m */,
				D9532E5F1ED6ADC300E90B0A /* Main.storyboard */,
				D9532E621ED6ADC300E90B0A /* Assets.xcassets */,
				D9532E641ED6ADC300E90B0A /* LaunchScreen.storyboard */,
				D9532E671ED6ADC300E90B0A /* Info.plist */,
				D9532E561ED6ADC300E90B0A /* Supporting Files */,
			);
			path = UITableViewDemo;
			sourceTree = "<group>";
		};
		D9532E561ED6ADC300E90B0A /* Supporting Files */ = {
			isa = PBXGroup;
			children = (
				D9532E571ED6ADC300E90B0A /* main.m */,
			);
			name = "Supporting Files";
			sourceTree = "<group>";
		};
		D9532E701ED6D79700E90B0A /* 工具及三方 */ = {
			isa = PBXGroup;
			children = (
				D9532E6D1ED6D74400E90B0A /* UIView+frameAdjust.h */,
				D9532E6E1ED6D74400E90B0A /* UIView+frameAdjust.m */,
			);
			name = "工具及三方";
			sourceTree = "<group>";
		};
		D9532E711ED6D7AC00E90B0A /* Controller */ = {
			isa = PBXGroup;
			children = (
				D9532E5C1ED6ADC300E90B0A /* ViewController.h */,
				D9532E5D1ED6ADC300E90B0A /* ViewController.m */,
			);
			name = Controller;
			sourceTree = "<group>";
		};
		D9532E721ED6D7B400E90B0A /* View */ = {
			isa = PBXGroup;
			children = (
				D999B6421ED91CE600D55A81 /* 导航栏 */,
				D999B6461ED921AB00D55A81 /* tableView的组头 */,
				D9532E741ED6D7E600E90B0A /* FirstCell.h */,
				D9532E751ED6D7E600E90B0A /* FirstCell.m */,
				D9B693081ED7D7680010F2E1 /* CQScrollMenuView.h */,
				D9B693091ED7D7680010F2E1 /* CQScrollMenuView.m */,
			);
			name = View;
			sourceTree = "<group>";
		};
		D9532E731ED6D7BA00E90B0A /* Model */ = {
			isa = PBXGroup;
			children = (
			);
			name = Model;
			sourceTree = "<group>";
		};
		D999B6421ED91CE600D55A81 /* 导航栏 */ = {
			isa = PBXGroup;
			children = (
				D999B6431ED91D2F00D55A81 /* CQPointsNaviView.h */,
				D999B6441ED91D2F00D55A81 /* CQPointsNaviView.m */,
			);
			name = "导航栏";
			sourceTree = "<group>";
		};
		D999B6461ED921AB00D55A81 /* tableView的组头 */ = {
			isa = PBXGroup;
			children = (
				D999B63F1ED91AF400D55A81 /* CQPointsHeaderView.h */,
				D999B6401ED91AF400D55A81 /* CQPointsHeaderView.m */,
			);
			name = "tableView的组头";
			sourceTree = "<group>";
		};
/* End PBXGroup section */

/* Begin PBXNativeTarget section */
		D9532E521ED6ADC300E90B0A /* UITableViewDemo */ = {
			isa = PBXNativeTarget;
			buildConfigurationList = D9532E6A1ED6ADC300E90B0A /* Build configuration list for PBXNativeTarget "UITableViewDemo" */;
			buildPhases = (
				D9532E4F1ED6ADC300E90B0A /* Sources */,
				D9532E501ED6ADC300E90B0A /* Frameworks */,
				D9532E511ED6ADC300E90B0A /* Resources */,
			);
			buildRules = (
			);
			dependencies = (
			);
			name = UITableViewDemo;
			productName = UITableViewDemo;
			productReference = D9532E531ED6ADC300E90B0A /* UITableViewDemo.app */;
			productType = "com.apple.product-type.application";
		};
/* End PBXNativeTarget section */

/* Begin PBXProject section */
		D9532E4B1ED6ADC300E90B0A /* Project object */ = {
			isa = PBXProject;
			attributes = {
				LastUpgradeCheck = 0820;
				ORGANIZATIONNAME = kuaijiankang;
				TargetAttributes = {
					D9532E521ED6ADC300E90B0A = {
						CreatedOnToolsVersion = 8.2;
						DevelopmentTeam = YUSZJ893SU;
						ProvisioningStyle = Automatic;
					};
				};
			};
			buildConfigurationList = D9532E4E1ED6ADC300E90B0A /* Build configuration list for PBXProject "UITableViewDemo" */;
			compatibilityVersion = "Xcode 3.2";
			developmentRegion = English;
			hasScannedForEncodings = 0;
			knownRegions = (
				en,
				Base,
			);
			mainGroup = D9532E4A1ED6ADC300E90B0A;
			productRefGroup = D9532E541ED6ADC300E90B0A /* Products */;
			projectDirPath = "";
			projectRoot = "";
			targets = (
				D9532E521ED6ADC300E90B0A /* UITableViewDemo */,
			);
		};
/* End PBXProject section */

/* Begin PBXResourcesBuildPhase section */
		D9532E511ED6ADC300E90B0A /* Resources */ = {
			isa = PBXResourcesBuildPhase;
			buildActionMask = 2147483647;
			files = (
				D9532E661ED6ADC300E90B0A /* LaunchScreen.storyboard in Resources */,
				D9532E631ED6ADC300E90B0A /* Assets.xcassets in Resources */,
				D9532E611ED6ADC300E90B0A /* Main.storyboard in Resources */,
			);
			runOnlyForDeploymentPostprocessing = 0;
		};
/* End PBXResourcesBuildPhase section */

/* Begin PBXSourcesBuildPhase section */
		D9532E4F1ED6ADC300E90B0A /* Sources */ = {
			isa = PBXSourcesBuildPhase;
			buildActionMask = 2147483647;
			files = (
				D9532E5E1ED6ADC300E90B0A /* ViewController.m in Sources */,
				D9532E6F1ED6D74400E90B0A /* UIView+frameAdjust.m in Sources */,
				D999B6411ED91AF400D55A81 /* CQPointsHeaderView.m in Sources */,
				D9532E761ED6D7E600E90B0A /* FirstCell.m in Sources */,
				D9532E5B1ED6ADC300E90B0A /* AppDelegate.m in Sources */,
				D9B6930A1ED7D7680010F2E1 /* CQScrollMenuView.m in Sources */,
				D9532E581ED6ADC300E90B0A /* main.m in Sources */,
				D999B6451ED91D2F00D55A81 /* CQPointsNaviView.m in Sources */,
			);
			runOnlyForDeploymentPostprocessing = 0;
		};
/* End PBXSourcesBuildPhase section */

/* Begin PBXVariantGroup section */
		D9532E5F1ED6ADC300E90B0A /* Main.storyboard */ = {
			isa = PBXVariantGroup;
			children = (
				D9532E601ED6ADC300E90B0A /* Base */,
			);
			name = Main.storyboard;
			sourceTree = "<group>";
		};
		D9532E641ED6ADC300E90B0A /* LaunchScreen.storyboard */ = {
			isa = PBXVariantGroup;
			children = (
				D9532E651ED6ADC300E90B0A /* Base */,
			);
			name = LaunchScreen.storyboard;
			sourceTree = "<group>";
		};
/* End PBXVariantGroup section */

/* Begin XCBuildConfiguration section */
		D9532E681ED6ADC300E90B0A /* Debug */ = {
			isa = XCBuildConfiguration;
			buildSettings = {
				ALWAYS_SEARCH_USER_PATHS = NO;
				CLANG_ANALYZER_NONNULL = YES;
				CLANG_CXX_LANGUAGE_STANDARD = "gnu++0x";
				CLANG_CXX_LIBRARY = "libc++";
				CLANG_ENABLE_MODULES = YES;
				CLANG_ENABLE_OBJC_ARC = YES;
				CLANG_WARN_BOOL_CONVERSION = YES;
				CLANG_WARN_CONSTANT_CONVERSION = YES;
				CLANG_WARN_DIRECT_OBJC_ISA_USAGE = YES_ERROR;
				CLANG_WARN_DOCUMENTATION_COMMENTS = YES;
				CLANG_WARN_EMPTY_BODY = YES;
				CLANG_WARN_ENUM_CONVERSION = YES;
				CLANG_WARN_INFINITE_RECURSION = YES;
				CLANG_WARN_INT_CONVERSION = YES;
				CLANG_WARN_OBJC_ROOT_CLASS = YES_ERROR;
				CLANG_WARN_SUSPICIOUS_MOVE = YES;
				CLANG_WARN_UNREACHABLE_CODE = YES;
				CLANG_WARN__DUPLICATE_METHOD_MATCH = YES;
				"CODE_SIGN_IDENTITY[sdk=iphoneos*]" = "iPhone Developer";
				COPY_PHASE_STRIP = NO;
				DEBUG_INFORMATION_FORMAT = dwarf;
				ENABLE_STRICT_OBJC_MSGSEND = YES;
				ENABLE_TESTABILITY = YES;
				GCC_C_LANGUAGE_STANDARD = gnu99;
				GCC_DYNAMIC_NO_PIC = NO;
				GCC_NO_COMMON_BLOCKS = YES;
				GCC_OPTIMIZATION_LEVEL = 0;
				GCC_PREPROCESSOR_DEFINITIONS = (
					"DEBUG=1",
					"$(inherited)",
				);
				GCC_WARN_64_TO_32_BIT_CONVERSION = YES;
				GCC_WARN_ABOUT_RETURN_TYPE = YES_ERROR;
				GCC_WARN_UNDECLARED_SELECTOR = YES;
				GCC_WARN_UNINITIALIZED_AUTOS = YES_AGGRESSIVE;
				GCC_WARN_UNUSED_FUNCTION = YES;
				GCC_WARN_UNUSED_VARIABLE = YES;
				IPHONEOS_DEPLOYMENT_TARGET = 10.2;
				MTL_ENABLE_DEBUG_INFO = YES;
				ONLY_ACTIVE_ARCH = YES;
				SDKROOT = iphoneos;
				TARGETED_DEVICE_FAMILY = "1,2";
			};
			name = Debug;
		};
		D9532E691ED6ADC300E90B0A /* Release */ = {
			isa = XCBuildConfiguration;
			buildSettings = {
				ALWAYS_SEARCH_USER_PATHS = NO;
				CLANG_ANALYZER_NONNULL = YES;
				CLANG_CXX_LANGUAGE_STANDARD = "gnu++0x";
				CLANG_CXX_LIBRARY = "libc++";
				CLANG_ENABLE_MODULES = YES;
				CLANG_ENABLE_OBJC_ARC = YES;
				CLANG_WARN_BOOL_CONVERSION = YES;
				CLANG_WARN_CONSTANT_CONVERSION = YES;
				CLANG_WARN_DIRECT_OBJC_ISA_USAGE = YES_ERROR;
				CLANG_WARN_DOCUMENTATION_COMMENTS = YES;
				CLANG_WARN_EMPTY_BODY = YES;
				CLANG_WARN_ENUM_CONVERSION = YES;
				CLANG_WARN_INFINITE_RECURSION = YES;
				CLANG_WARN_INT_CONVERSION = YES;
				CLANG_WARN_OBJC_ROOT_CLASS = YES_ERROR;
				CLANG_WARN_SUSPICIOUS_MOVE = YES;
				CLANG_WARN_UNREACHABLE_CODE = YES;
				CLANG_WARN__DUPLICATE_METHOD_MATCH = YES;
				"CODE_SIGN_IDENTITY[sdk=iphoneos*]" = "iPhone Developer";
				COPY_PHASE_STRIP = NO;
				DEBUG_INFORMATION_FORMAT = "dwarf-with-dsym";
				ENABLE_NS_ASSERTIONS = NO;
				ENABLE_STRICT_OBJC_MSGSEND = YES;
				GCC_C_LANGUAGE_STANDARD = gnu99;
				GCC_NO_COMMON_BLOCKS = YES;
				GCC_WARN_64_TO_32_BIT_CONVERSION = YES;
				GCC_WARN_ABOUT_RETURN_TYPE = YES_ERROR;
				GCC_WARN_UNDECLARED_SELECTOR = YES;
				GCC_WARN_UNINITIALIZED_AUTOS = YES_AGGRESSIVE;
				GCC_WARN_UNUSED_FUNCTION = YES;
				GCC_WARN_UNUSED_VARIABLE = YES;
				IPHONEOS_DEPLOYMENT_TARGET = 10.2;
				MTL_ENABLE_DEBUG_INFO = NO;
				SDKROOT = iphoneos;
				TARGETED_DEVICE_FAMILY = "1,2";
				VALIDATE_PRODUCT = YES;
			};
			name = Release;
		};
		D9532E6B1ED6ADC300E90B0A /* Debug */ = {
			isa = XCBuildConfiguration;
			buildSettings = {
				ASSETCATALOG_COMPILER_APPICON_NAME = AppIcon;
				DEVELOPMENT_TEAM = YUSZJ893SU;
				INFOPLIST_FILE = UITableViewDemo/Info.plist;
				LD_RUNPATH_SEARCH_PATHS = "$(inherited) @executable_path/Frameworks";
				PRODUCT_BUNDLE_IDENTIFIER = KuaiJianKang.UITableViewDemo;
				PRODUCT_NAME = "$(TARGET_NAME)";
			};
			name = Debug;
		};
		D9532E6C1ED6ADC300E90B0A /* Release */ = {
			isa = XCBuildConfiguration;
			buildSettings = {
				ASSETCATALOG_COMPILER_APPICON_NAME = AppIcon;
				DEVELOPMENT_TEAM = YUSZJ893SU;
				INFOPLIST_FILE = UITableViewDemo/Info.plist;
				LD_RUNPATH_SEARCH_PATHS = "$(inherited) @executable_path/Frameworks";
				PRODUCT_BUNDLE_IDENTIFIER = KuaiJianKang.UITableViewDemo;
				PRODUCT_NAME = "$(TARGET_NAME)";
			};
			name = Release;
		};
/* End XCBuildConfiguration section */

/* Begin XCConfigurationList section */
		D9532E4E1ED6ADC300E90B0A /* Build configuration list for PBXProject "UITableViewDemo" */ = {
			isa = XCConfigurationList;
			buildConfigurations = (
				D9532E681ED6ADC300E90B0A /* Debug */,
				D9532E691ED6ADC300E90B0A /* Release */,
			);
			defaultConfigurationIsVisible = 0;
			defaultConfigurationName = Release;
		};
		D9532E6A1ED6ADC300E90B0A /* Build configuration list for PBXNativeTarget "UITableViewDemo" */ = {
			isa = XCConfigurationList;
			buildConfigurations = (
				D9532E6B1ED6ADC300E90B0A /* Debug */,
				D9532E6C1ED6ADC300E90B0A /* Release */,
			);
			defaultConfigurationIsVisible = 0;
			defaultConfigurationName = Release;
		};
/* End XCConfigurationList section */
	};
	rootObject = D9532E4B1ED6ADC300E90B0A /* Project object */;
}
